
Microsoft Visual Studio Solution File, Format Version 12.00
# Visual Studio 14
VisualStudioVersion = 14.0.24720.0
MinimumVisualStudioVersion = 10.0.40219.1
Project("{FAE04EC0-301F-11D3-BF4B-00C04F79EFBC}") = "Excel2Json2", "Excel2Json2\Excel2Json2.csproj", "{FDBCA9FD-378D-4301-A8AB-DD347C9B9759}"
EndProject
Global
	GlobalSection(SolutionConfigurationPlatforms) = preSolution
		Debug|Any CPU = Debug|Any CPU
		Release|Any CPU = Release|Any CPU
	EndGlobalSection
	GlobalSection(ProjectConfigurationPlatforms) = postSolution
		{FDBCA9FD-378D-4301-A8AB-DD347C9B9759}.Debug|Any CPU.ActiveCfg = Debug|Any CPU
		{FDBCA9FD-378D-4301-A8AB-DD347C9B9759}.Debug|Any CPU.Build.0 = Debug|Any CPU
		{FDBCA9FD-378D-4301-A8AB-DD347C9B9759}.Release|Any CPU.ActiveCfg = Release|Any CPU
		{FDBCA9FD-378D-4301-A8AB-DD347C9B9759}.Release|Any CPU.Build.0 = Release|Any CPU
	EndGlobalSection
	GlobalSection(SolutionProperties) = preSolution
		HideSolutionNode = FALSE
	EndGlobalSection
EndGlobal
